<Solution>
  <Project Path="src/VoltFlow.Service.API/VoltFlow.Service.API.csproj" />
  <Project Path="src/VoltFlow.Service.Application/VoltFlow.Service.Application.csproj" Id="4e1f7b5b-70f9-4bb7-9ff0-6f99a3bfd303" />
  <Project Path="src/VoltFlow.Service.Core/VoltFlow.Service.Core.csproj" />
  <Project Path="src/VoltFlow.Service.DataBaseRefresher/VoltFlow.Service.DataBaseRefresher.csproj" Id="1adb39ae-fa6b-4376-90d9-c7d3627e5324" />
  <Project Path="src/VoltFlow.Service.Infrastructure/VoltFlow.Service.Infrastructure.csproj" Id="c63e1369-0b00-4d06-abee-51c2825a268c" />
  <Project Path="src/VoltFlow.Service.UnitTest/VoltFlow.Service.UnitTest.csproj" />
</Solution>
